
Microsoft Visual Studio Solution File, Format Version 12.00
# Visual Studio Version 17
VisualStudioVersion = 17.7.34003.232
MinimumVisualStudioVersion = 10.0.40219.1
Project("{9A19103F-16F7-4668-BE54-9A1E7A4F7556}") = "Bonsai.ML.OnlineBayesianLinearRegression", "Bonsai.ML.OnlineBayesianLinearRegression.csproj", "{CBA7EEE2-72D6-4395-A8D0-39DD9AA84B10}"
EndProject
Global
	GlobalSection(SolutionConfigurationPlatforms) = preSolution
		Debug|Any CPU = Debug|Any CPU
		Release|Any CPU = Release|Any CPU
	EndGlobalSection
	GlobalSection(ProjectConfigurationPlatforms) = postSolution
		{CBA7EEE2-72D6-4395-A8D0-39DD9AA84B10}.Debug|Any CPU.ActiveCfg = Debug|Any CPU
		{CBA7EEE2-72D6-4395-A8D0-39DD9AA84B10}.Debug|Any CPU.Build.0 = Debug|Any CPU
		{CBA7EEE2-72D6-4395-A8D0-39DD9AA84B10}.Release|Any CPU.ActiveCfg = Release|Any CPU
		{CBA7EEE2-72D6-4395-A8D0-39DD9AA84B10}.Release|Any CPU.Build.0 = Release|Any CPU
	EndGlobalSection
	GlobalSection(SolutionProperties) = preSolution
		HideSolutionNode = FALSE
	EndGlobalSection
	GlobalSection(ExtensibilityGlobals) = postSolution
		SolutionGuid = {CDBD7B9F-588A-4174-A677-6C00F455575B}
	EndGlobalSection
EndGlobal
